
Microsoft Visual Studio Solution File, Format Version 12.00
# Visual Studio Version 16
VisualStudioVersion = 16.0.31025.194
MinimumVisualStudioVersion = 10.0.40219.1
Project("{9A19103F-16F7-4668-BE54-9A1E7A4F7556}") = "Kadmium-sACN", "Kadmium-sACN\Kadmium-sACN.csproj", "{21DF3CAD-01CC-4874-B0C4-BFB45BD9D046}"
EndProject
Project("{FAE04EC0-301F-11D3-BF4B-00C04F79EFBC}") = "Kadmium-sACN.Test", "Kadmium-sACN.Test\Kadmium-sACN.Test.csproj", "{5F7609A7-E75D-4EDE-AE6E-E41BAD125B5C}"
EndProject
Global
	GlobalSection(SolutionConfigurationPlatforms) = preSolution
		Debug|Any CPU = Debug|Any CPU
		Release|Any CPU = Release|Any CPU
	EndGlobalSection
	GlobalSection(ProjectConfigurationPlatforms) = postSolution
		{21DF3CAD-01CC-4874-B0C4-BFB45BD9D046}.Debug|Any CPU.ActiveCfg = Debug|Any CPU
		{21DF3CAD-01CC-4874-B0C4-BFB45BD9D046}.Debug|Any CPU.Build.0 = Debug|Any CPU
		{21DF3CAD-01CC-4874-B0C4-BFB45BD9D046}.Release|Any CPU.ActiveCfg = Release|Any CPU
		{21DF3CAD-01CC-4874-B0C4-BFB45BD9D046}.Release|Any CPU.Build.0 = Release|Any CPU
		{5F7609A7-E75D-4EDE-AE6E-E41BAD125B5C}.Debug|Any CPU.ActiveCfg = Debug|Any CPU
		{5F7609A7-E75D-4EDE-AE6E-E41BAD125B5C}.Debug|Any CPU.Build.0 = Debug|Any CPU
		{5F7609A7-E75D-4EDE-AE6E-E41BAD125B5C}.Release|Any CPU.ActiveCfg = Release|Any CPU
		{5F7609A7-E75D-4EDE-AE6E-E41BAD125B5C}.Release|Any CPU.Build.0 = Release|Any CPU
	EndGlobalSection
	GlobalSection(SolutionProperties) = preSolution
		HideSolutionNode = FALSE
	EndGlobalSection
	GlobalSection(ExtensibilityGlobals) = postSolution
		SolutionGuid = {22A0276E-9944-4EE7-8C5D-9D3CE84F9B1E}
	EndGlobalSection
EndGlobal
